[[package]]
name = "invoke"
version = "1.6.0"
description = "Pythonic task execution"
category = "dev"
optional = false
python-versions = "*"

[[package]]
name = "pyflakes"
version = "2.4.0"
description = "passive checker of Python programs"
category = "main"
optional = false
python-versions = ">=2.7, !=3.0.*, !=3.1.*, !=3.2.*, !=3.3.*"

[metadata]
lock-version = "1.1"
python-versions = "^3.8"
content-hash = "c4962d6a6f7c6b6402e513748af2e094ed9d0947413dd1f603e84beec6d342cd"

[metadata.files]
invoke = [
    {file = "invoke-1.6.0-py2-none-any.whl", hash = "sha256:e6c9917a1e3e73e7ea91fdf82d5f151ccfe85bf30cc65cdb892444c02dbb5f74"},
    {file = "invoke-1.6.0-py3-none-any.whl", hash = "sha256:769e90caeb1bd07d484821732f931f1ad8916a38e3f3e618644687fc09cb6317"},
    {file = "invoke-1.6.0.tar.gz", hash = "sha256:374d1e2ecf78981da94bfaf95366216aaec27c2d6a7b7d5818d92da55aa258d3"},
]
pyflakes = [
    {file = "pyflakes-2.4.0-py2.py3-none-any.whl", hash = "sha256:3bb3a3f256f4b7968c9c788781e4ff07dce46bdf12339dcda61053375426ee2e"},
    {file = "pyflakes-2.4.0.tar.gz", hash = "sha256:05a85c2872edf37a4ed30b0cce2f6093e1d0581f8c19d7393122da7e25b2b24c"},
]
